// !$*UTF8*$!
{
	archiveVersion = 1;
	classes = {
	};
	objectVersion = 55;
	objects = {

/* Begin PBXBuildFile section */
		B2DFD04F27B436AB00CF7C22 /* AppDelegate.swift in Sources */ = {isa = PBXBuildFile; fileRef = B2DFD04E27B436AB00CF7C22 /* AppDelegate.swift */; };
		B2DFD05127B436AB00CF7C22 /* SceneDelegate.swift in Sources */ = {isa = PBXBuildFile; fileRef = B2DFD05027B436AB00CF7C22 /* SceneDelegate.swift */; };
		B2DFD05327B436AB00CF7C22 /* ViewController.swift in Sources */ = {isa = PBXBuildFile; fileRef = B2DFD05227B436AB00CF7C22 /* ViewController.swift */; };
		B2DFD05627B436AB00CF7C22 /* Main.storyboard in Resources */ = {isa = PBXBuildFile; fileRef = B2DFD05427B436AB00CF7C22 /* Main.storyboard */; };
		B2DFD05827B436AE00CF7C22 /* Assets.xcassets in Resources */ = {isa = PBXBuildFile; fileRef = B2DFD05727B436AE00CF7C22 /* Assets.xcassets */; };
		B2DFD05B27B436AE00CF7C22 /* LaunchScreen.storyboard in Resources */ = {isa = PBXBuildFile; fileRef = B2DFD05927B436AE00CF7C22 /* LaunchScreen.storyboard */; };
		B2DFD06527B4397300CF7C22 /* ListTVC.swift in Sources */ = {isa = PBXBuildFile; fileRef = B2DFD06427B4397300CF7C22 /* ListTVC.swift */; };
		B2DFD06A27B5090A00CF7C22 /* Constant.swift in Sources */ = {isa = PBXBuildFile; fileRef = B2DFD06927B5090A00CF7C22 /* Constant.swift */; };
		B2DFD06C27B50D5400CF7C22 /* NetworkWeatherManager.swift in Sources */ = {isa = PBXBuildFile; fileRef = B2DFD06B27B50D5400CF7C22 /* NetworkWeatherManager.swift */; };
/* End PBXBuildFile section */

/* Begin PBXFileReference section */
		B2DFD04B27B436AB00CF7C22 /* WeatherJun.app */ = {isa = PBXFileReference; explicitFileType = wrapper.application; includeInIndex = 0; path = WeatherJun.app; sourceTree = BUILT_PRODUCTS_DIR; };
		B2DFD04E27B436AB00CF7C22 /* AppDelegate.swift */ = {isa = PBXFileReference; lastKnownFileType = sourcecode.swift; path = AppDelegate.swift; sourceTree = "<group>"; };
		B2DFD05027B436AB00CF7C22 /* SceneDelegate.swift */ = {isa = PBXFileReference; lastKnownFileType = sourcecode.swift; path = SceneDelegate.swift; sourceTree = "<group>"; };
		B2DFD05227B436AB00CF7C22 /* ViewController.swift */ = {isa = PBXFileReference; lastKnownFileType = sourcecode.swift; path = ViewController.swift; sourceTree = "<group>"; };
		B2DFD05527B436AB00CF7C22 /* Base */ = {isa = PBXFileReference; lastKnownFileType = file.storyboard; name = Base; path = Base.lproj/Main.storyboard; sourceTree = "<group>"; };
		B2DFD05727B436AE00CF7C22 /* Assets.xcassets */ = {isa = PBXFileReference; lastKnownFileType = folder.assetcatalog; path = Assets.xcassets; sourceTree = "<group>"; };
		B2DFD05A27B436AE00CF7C22 /* Base */ = {isa = PBXFileReference; lastKnownFileType = file.storyboard; name = Base; path = Base.lproj/LaunchScreen.storyboard; sourceTree = "<group>"; };
		B2DFD05C27B436AE00CF7C22 /* Info.plist */ = {isa = PBXFileReference; lastKnownFileType = text.plist.xml; path = Info.plist; sourceTree = "<group>"; };
		B2DFD06427B4397300CF7C22 /* ListTVC.swift */ = {isa = PBXFileReference; lastKnownFileType = sourcecode.swift; path = ListTVC.swift; sourceTree = "<group>"; };
		B2DFD06927B5090A00CF7C22 /* Constant.swift */ = {isa = PBXFileReference; lastKnownFileType = sourcecode.swift; path = Constant.swift; sourceTree = "<group>"; };
		B2DFD06B27B50D5400CF7C22 /* NetworkWeatherManager.swift */ = {isa = PBXFileReference; lastKnownFileType = sourcecode.swift; path = NetworkWeatherManager.swift; sourceTree = "<group>"; };
/* End PBXFileReference section */

/* Begin PBXFrameworksBuildPhase section */
		B2DFD04827B436AB00CF7C22 /* Frameworks */ = {
			isa = PBXFrameworksBuildPhase;
			buildActionMask = 2147483647;
			files = (
			);
			runOnlyForDeploymentPostprocessing = 0;
		};
/* End PBXFrameworksBuildPhase section */

/* Begin PBXGroup section */
		B2DFD04227B436AB00CF7C22 = {
			isa = PBXGroup;
			children = (
				B2DFD04D27B436AB00CF7C22 /* WeatherJun */,
				B2DFD04C27B436AB00CF7C22 /* Products */,
			);
			sourceTree = "<group>";
		};
		B2DFD04C27B436AB00CF7C22 /* Products */ = {
			isa = PBXGroup;
			children = (
				B2DFD04B27B436AB00CF7C22 /* WeatherJun.app */,
			);
			name = Products;
			sourceTree = "<group>";
		};
		B2DFD04D27B436AB00CF7C22 /* WeatherJun */ = {
			isa = PBXGroup;
			children = (
				B2DFD06627B5083900CF7C22 /* Model */,
				B2DFD06727B5085100CF7C22 /* View */,
				B2DFD06827B5085C00CF7C22 /* Supporting files */,
			);
			path = WeatherJun;
			sourceTree = "<group>";
		};
		B2DFD06627B5083900CF7C22 /* Model */ = {
			isa = PBXGroup;
			children = (
				B2DFD06B27B50D5400CF7C22 /* NetworkWeatherManager.swift */,
			);
			path = Model;
			sourceTree = "<group>";
		};
		B2DFD06727B5085100CF7C22 /* View */ = {
			isa = PBXGroup;
			children = (
				B2DFD06427B4397300CF7C22 /* ListTVC.swift */,
				B2DFD05927B436AE00CF7C22 /* LaunchScreen.storyboard */,
				B2DFD05427B436AB00CF7C22 /* Main.storyboard */,
			);
			path = View;
			sourceTree = "<group>";
		};
		B2DFD06827B5085C00CF7C22 /* Supporting files */ = {
			isa = PBXGroup;
			children = (
				B2DFD04E27B436AB00CF7C22 /* AppDelegate.swift */,
				B2DFD05027B436AB00CF7C22 /* SceneDelegate.swift */,
				B2DFD05227B436AB00CF7C22 /* ViewController.swift */,
				B2DFD05727B436AE00CF7C22 /* Assets.xcassets */,
				B2DFD05C27B436AE00CF7C22 /* Info.plist */,
				B2DFD06927B5090A00CF7C22 /* Constant.swift */,
			);
			path = "Supporting files";
			sourceTree = "<group>";
		};
/* End PBXGroup section */

/* Begin PBXNativeTarget section */
		B2DFD04A27B436AB00CF7C22 /* WeatherJun */ = {
			isa = PBXNativeTarget;
			buildConfigurationList = B2DFD05F27B436AE00CF7C22 /* Build configuration list for PBXNativeTarget "WeatherJun" */;
			buildPhases = (
				B2DFD04727B436AB00CF7C22 /* Sources */,
				B2DFD04827B436AB00CF7C22 /* Frameworks */,
				B2DFD04927B436AB00CF7C22 /* Resources */,
			);
			buildRules = (
			);
			dependencies = (
			);
			name = WeatherJun;
			productName = WeatherJun;
			productReference = B2DFD04B27B436AB00CF7C22 /* WeatherJun.app */;
			productType = "com.apple.product-type.application";
		};
/* End PBXNativeTarget section */

/* Begin PBXProject section */
		B2DFD04327B436AB00CF7C22 /* Project object */ = {
			isa = PBXProject;
			attributes = {
				BuildIndependentTargetsInParallel = 1;
				LastSwiftUpdateCheck = 1320;
				LastUpgradeCheck = 1320;
				TargetAttributes = {
					B2DFD04A27B436AB00CF7C22 = {
						CreatedOnToolsVersion = 13.2.1;
					};
				};
			};
			buildConfigurationList = B2DFD04627B436AB00CF7C22 /* Build configuration list for PBXProject "WeatherJun" */;
			compatibilityVersion = "Xcode 13.0";
			developmentRegion = en;
			hasScannedForEncodings = 0;
			knownRegions = (
				en,
				Base,
			);
			mainGroup = B2DFD04227B436AB00CF7C22;
			productRefGroup = B2DFD04C27B436AB00CF7C22 /* Products */;
			projectDirPath = "";
			projectRoot = "";
			targets = (
				B2DFD04A27B436AB00CF7C22 /* WeatherJun */,
			);
		};
/* End PBXProject section */

/* Begin PBXResourcesBuildPhase section */
		B2DFD04927B436AB00CF7C22 /* Resources */ = {
			isa = PBXResourcesBuildPhase;
			buildActionMask = 2147483647;
			files = (
				B2DFD05B27B436AE00CF7C22 /* LaunchScreen.storyboard in Resources */,
				B2DFD05827B436AE00CF7C22 /* Assets.xcassets in Resources */,
				B2DFD05627B436AB00CF7C22 /* Main.storyboard in Resources */,
			);
			runOnlyForDeploymentPostprocessing = 0;
		};
/* End PBXResourcesBuildPhase section */

/* Begin PBXSourcesBuildPhase section */
		B2DFD04727B436AB00CF7C22 /* Sources */ = {
			isa = PBXSourcesBuildPhase;
			buildActionMask = 2147483647;
			files = (
				B2DFD05327B436AB00CF7C22 /* ViewController.swift in Sources */,
				B2DFD06527B4397300CF7C22 /* ListTVC.swift in Sources */,
				B2DFD06A27B5090A00CF7C22 /* Constant.swift in Sources */,
				B2DFD06C27B50D5400CF7C22 /* NetworkWeatherManager.swift in Sources */,
				B2DFD04F27B436AB00CF7C22 /* AppDelegate.swift in Sources */,
				B2DFD05127B436AB00CF7C22 /* SceneDelegate.swift in Sources */,
			);
			runOnlyForDeploymentPostprocessing = 0;
		};
/* End PBXSourcesBuildPhase section */

/* Begin PBXVariantGroup section */
		B2DFD05427B436AB00CF7C22 /* Main.storyboard */ = {
			isa = PBXVariantGroup;
			children = (
				B2DFD05527B436AB00CF7C22 /* Base */,
			);
			name = Main.storyboard;
			sourceTree = "<group>";
		};
		B2DFD05927B436AE00CF7C22 /* LaunchScreen.storyboard */ = {
			isa = PBXVariantGroup;
			children = (
				B2DFD05A27B436AE00CF7C22 /* Base */,
			);
			name = LaunchScreen.storyboard;
			sourceTree = "<group>";
		};
/* End PBXVariantGroup section */

/* Begin XCBuildConfiguration section */
		B2DFD05D27B436AE00CF7C22 /* Debug */ = {
			isa = XCBuildConfiguration;
			buildSettings = {
				ALWAYS_SEARCH_USER_PATHS = NO;
				CLANG_ANALYZER_NONNULL = YES;
				CLANG_ANALYZER_NUMBER_OBJECT_CONVERSION = YES_AGGRESSIVE;
				CLANG_CXX_LANGUAGE_STANDARD = "gnu++17";
				CLANG_CXX_LIBRARY = "libc++";
				CLANG_ENABLE_MODULES = YES;
				CLANG_ENABLE_OBJC_ARC = YES;
				CLANG_ENABLE_OBJC_WEAK = YES;
				CLANG_WARN_BLOCK_CAPTURE_AUTORELEASING = YES;
				CLANG_WARN_BOOL_CONVERSION = YES;
				CLANG_WARN_COMMA = YES;
				CLANG_WARN_CONSTANT_CONVERSION = YES;
				CLANG_WARN_DEPRECATED_OBJC_IMPLEMENTATIONS = YES;
				CLANG_WARN_DIRECT_OBJC_ISA_USAGE = YES_ERROR;
				CLANG_WARN_DOCUMENTATION_COMMENTS = YES;
				CLANG_WARN_EMPTY_BODY = YES;
				CLANG_WARN_ENUM_CONVERSION = YES;
				CLANG_WARN_INFINITE_RECURSION = YES;
				CLANG_WARN_INT_CONVERSION = YES;
				CLANG_WARN_NON_LITERAL_NULL_CONVERSION = YES;
				CLANG_WARN_OBJC_IMPLICIT_RETAIN_SELF = YES;
				CLANG_WARN_OBJC_LITERAL_CONVERSION = YES;
				CLANG_WARN_OBJC_ROOT_CLASS = YES_ERROR;
				CLANG_WARN_QUOTED_INCLUDE_IN_FRAMEWORK_HEADER = YES;
				CLANG_WARN_RANGE_LOOP_ANALYSIS = YES;
				CLANG_WARN_STRICT_PROTOTYPES = YES;
				CLANG_WARN_SUSPICIOUS_MOVE = YES;
				CLANG_WARN_UNGUARDED_AVAILABILITY = YES_AGGRESSIVE;
				CLANG_WARN_UNREACHABLE_CODE = YES;
				CLANG_WARN__DUPLICATE_METHOD_MATCH = YES;
				COPY_PHASE_STRIP = NO;
				DEBUG_INFORMATION_FORMAT = dwarf;
				ENABLE_STRICT_OBJC_MSGSEND = YES;
				ENABLE_TESTABILITY = YES;
				GCC_C_LANGUAGE_STANDARD = gnu11;
				GCC_DYNAMIC_NO_PIC = NO;
				GCC_NO_COMMON_BLOCKS = YES;
				GCC_OPTIMIZATION_LEVEL = 0;
				GCC_PREPROCESSOR_DEFINITIONS = (
					"DEBUG=1",
					"$(inherited)",
				);
				GCC_WARN_64_TO_32_BIT_CONVERSION = YES;
				GCC_WARN_ABOUT_RETURN_TYPE = YES_ERROR;
				GCC_WARN_UNDECLARED_SELECTOR = YES;
				GCC_WARN_UNINITIALIZED_AUTOS = YES_AGGRESSIVE;
				GCC_WARN_UNUSED_FUNCTION = YES;
				GCC_WARN_UNUSED_VARIABLE = YES;
				IPHONEOS_DEPLOYMENT_TARGET = 15.2;
				MTL_ENABLE_DEBUG_INFO = INCLUDE_SOURCE;
				MTL_FAST_MATH = YES;
				ONLY_ACTIVE_ARCH = YES;
				SDKROOT = iphoneos;
				SWIFT_ACTIVE_COMPILATION_CONDITIONS = DEBUG;
				SWIFT_OPTIMIZATION_LEVEL = "-Onone";
			};
			name = Debug;
		};
		B2DFD05E27B436AE00CF7C22 /* Release */ = {
			isa = XCBuildConfiguration;
			buildSettings = {
				ALWAYS_SEARCH_USER_PATHS = NO;
				CLANG_ANALYZER_NONNULL = YES;
				CLANG_ANALYZER_NUMBER_OBJECT_CONVERSION = YES_AGGRESSIVE;
				CLANG_CXX_LANGUAGE_STANDARD = "gnu++17";
				CLANG_CXX_LIBRARY = "libc++";
				CLANG_ENABLE_MODULES = YES;
				CLANG_ENABLE_OBJC_ARC = YES;
				CLANG_ENABLE_OBJC_WEAK = YES;
				CLANG_WARN_BLOCK_CAPTURE_AUTORELEASING = YES;
				CLANG_WARN_BOOL_CONVERSION = YES;
				CLANG_WARN_COMMA = YES;
				CLANG_WARN_CONSTANT_CONVERSION = YES;
				CLANG_WARN_DEPRECATED_OBJC_IMPLEMENTATIONS = YES;
				CLANG_WARN_DIRECT_OBJC_ISA_USAGE = YES_ERROR;
				CLANG_WARN_DOCUMENTATION_COMMENTS = YES;
				CLANG_WARN_EMPTY_BODY = YES;
				CLANG_WARN_ENUM_CONVERSION = YES;
				CLANG_WARN_INFINITE_RECURSION = YES;
				CLANG_WARN_INT_CONVERSION = YES;
				CLANG_WARN_NON_LITERAL_NULL_CONVERSION = YES;
				CLANG_WARN_OBJC_IMPLICIT_RETAIN_SELF = YES;
				CLANG_WARN_OBJC_LITERAL_CONVERSION = YES;
				CLANG_WARN_OBJC_ROOT_CLASS = YES_ERROR;
				CLANG_WARN_QUOTED_INCLUDE_IN_FRAMEWORK_HEADER = YES;
				CLANG_WARN_RANGE_LOOP_ANALYSIS = YES;
				CLANG_WARN_STRICT_PROTOTYPES = YES;
				CLANG_WARN_SUSPICIOUS_MOVE = YES;
				CLANG_WARN_UNGUARDED_AVAILABILITY = YES_AGGRESSIVE;
				CLANG_WARN_UNREACHABLE_CODE = YES;
				CLANG_WARN__DUPLICATE_METHOD_MATCH = YES;
				COPY_PHASE_STRIP = NO;
				DEBUG_INFORMATION_FORMAT = "dwarf-with-dsym";
				ENABLE_NS_ASSERTIONS = NO;
				ENABLE_STRICT_OBJC_MSGSEND = YES;
				GCC_C_LANGUAGE_STANDARD = gnu11;
				GCC_NO_COMMON_BLOCKS = YES;
				GCC_WARN_64_TO_32_BIT_CONVERSION = YES;
				GCC_WARN_ABOUT_RETURN_TYPE = YES_ERROR;
				GCC_WARN_UNDECLARED_SELECTOR = YES;
				GCC_WARN_UNINITIALIZED_AUTOS = YES_AGGRESSIVE;
				GCC_WARN_UNUSED_FUNCTION = YES;
				GCC_WARN_UNUSED_VARIABLE = YES;
				IPHONEOS_DEPLOYMENT_TARGET = 15.2;
				MTL_ENABLE_DEBUG_INFO = NO;
				MTL_FAST_MATH = YES;
				SDKROOT = iphoneos;
				SWIFT_COMPILATION_MODE = wholemodule;
				SWIFT_OPTIMIZATION_LEVEL = "-O";
				VALIDATE_PRODUCT = YES;
			};
			name = Release;
		};
		B2DFD06027B436AE00CF7C22 /* Debug */ = {
			isa = XCBuildConfiguration;
			buildSettings = {
				ASSETCATALOG_COMPILER_APPICON_NAME = AppIcon;
				ASSETCATALOG_COMPILER_GLOBAL_ACCENT_COLOR_NAME = AccentColor;
				CODE_SIGN_STYLE = Automatic;
				CURRENT_PROJECT_VERSION = 1;
				DEVELOPMENT_TEAM = 9LDWUP27AK;
				GENERATE_INFOPLIST_FILE = YES;
				INFOPLIST_FILE = "WeatherJun/Supporting files/info.plist";
				INFOPLIST_KEY_UIApplicationSupportsIndirectInputEvents = YES;
				INFOPLIST_KEY_UILaunchStoryboardName = LaunchScreen;
				INFOPLIST_KEY_UIMainStoryboardFile = Main;
				INFOPLIST_KEY_UISupportedInterfaceOrientations_iPad = "UIInterfaceOrientationPortrait UIInterfaceOrientationPortraitUpsideDown UIInterfaceOrientationLandscapeLeft UIInterfaceOrientationLandscapeRight";
				INFOPLIST_KEY_UISupportedInterfaceOrientations_iPhone = "UIInterfaceOrientationPortrait UIInterfaceOrientationLandscapeLeft UIInterfaceOrientationLandscapeRight";
				IPHONEOS_DEPLOYMENT_TARGET = 13.0;
				LD_RUNPATH_SEARCH_PATHS = (
					"$(inherited)",
					"@executable_path/Frameworks",
				);
				MARKETING_VERSION = 1.0;
				PRODUCT_BUNDLE_IDENTIFIER = com.mysite.WeatherJun;
				PRODUCT_NAME = "$(TARGET_NAME)";
				SWIFT_EMIT_LOC_STRINGS = YES;
				SWIFT_VERSION = 5.0;
				TARGETED_DEVICE_FAMILY = "1,2";
			};
			name = Debug;
		};
		B2DFD06127B436AE00CF7C22 /* Release */ = {
			isa = XCBuildConfiguration;
			buildSettings = {
				ASSETCATALOG_COMPILER_APPICON_NAME = AppIcon;
				ASSETCATALOG_COMPILER_GLOBAL_ACCENT_COLOR_NAME = AccentColor;
				CODE_SIGN_STYLE = Automatic;
				CURRENT_PROJECT_VERSION = 1;
				DEVELOPMENT_TEAM = 9LDWUP27AK;
				GENERATE_INFOPLIST_FILE = YES;
				INFOPLIST_FILE = "WeatherJun/Supporting files/info.plist";
				INFOPLIST_KEY_UIApplicationSupportsIndirectInputEvents = YES;
				INFOPLIST_KEY_UILaunchStoryboardName = LaunchScreen;
				INFOPLIST_KEY_UIMainStoryboardFile = Main;
				INFOPLIST_KEY_UISupportedInterfaceOrientations_iPad = "UIInterfaceOrientationPortrait UIInterfaceOrientationPortraitUpsideDown UIInterfaceOrientationLandscapeLeft UIInterfaceOrientationLandscapeRight";
				INFOPLIST_KEY_UISupportedInterfaceOrientations_iPhone = "UIInterfaceOrientationPortrait UIInterfaceOrientationLandscapeLeft UIInterfaceOrientationLandscapeRight";
				IPHONEOS_DEPLOYMENT_TARGET = 13.0;
				LD_RUNPATH_SEARCH_PATHS = (
					"$(inherited)",
					"@executable_path/Frameworks",
				);
				MARKETING_VERSION = 1.0;
				PRODUCT_BUNDLE_IDENTIFIER = com.mysite.WeatherJun;
				PRODUCT_NAME = "$(TARGET_NAME)";
				SWIFT_EMIT_LOC_STRINGS = YES;
				SWIFT_VERSION = 5.0;
				TARGETED_DEVICE_FAMILY = "1,2";
			};
			name = Release;
		};
/* End XCBuildConfiguration section */

/* Begin XCConfigurationList section */
		B2DFD04627B436AB00CF7C22 /* Build configuration list for PBXProject "WeatherJun" */ = {
			isa = XCConfigurationList;
			buildConfigurations = (
				B2DFD05D27B436AE00CF7C22 /* Debug */,
				B2DFD05E27B436AE00CF7C22 /* Release */,
			);
			defaultConfigurationIsVisible = 0;
			defaultConfigurationName = Release;
		};
		B2DFD05F27B436AE00CF7C22 /* Build configuration list for PBXNativeTarget "WeatherJun" */ = {
			isa = XCConfigurationList;
			buildConfigurations = (
				B2DFD06027B436AE00CF7C22 /* Debug */,
				B2DFD06127B436AE00CF7C22 /* Release */,
			);
			defaultConfigurationIsVisible = 0;
			defaultConfigurationName = Release;
		};
/* End XCConfigurationList section */
	};
	rootObject = B2DFD04327B436AB00CF7C22 /* Project object */;
}
